
Microsoft Visual Studio Solution File, Format Version 12.00
# Visual Studio Version 17
VisualStudioVersion = 17.9.34728.123
MinimumVisualStudioVersion = 10.0.40219.1
Project("{FAE04EC0-301F-11D3-BF4B-00C04F79EFBC}") = "TestTask", "TestTask\TestTask.csproj", "{6595A52C-61DA-4EEE-A1E8-E19A939ED64A}"
EndProject
Global
	GlobalSection(SolutionConfigurationPlatforms) = preSolution
		Debug|Any CPU = Debug|Any CPU
		Release|Any CPU = Release|Any CPU
	EndGlobalSection
	GlobalSection(ProjectConfigurationPlatforms) = postSolution
		{6595A52C-61DA-4EEE-A1E8-E19A939ED64A}.Debug|Any CPU.ActiveCfg = Debug|Any CPU
		{6595A52C-61DA-4EEE-A1E8-E19A939ED64A}.Debug|Any CPU.Build.0 = Debug|Any CPU
		{6595A52C-61DA-4EEE-A1E8-E19A939ED64A}.Release|Any CPU.ActiveCfg = Release|Any CPU
		{6595A52C-61DA-4EEE-A1E8-E19A939ED64A}.Release|Any CPU.Build.0 = Release|Any CPU
	EndGlobalSection
	GlobalSection(SolutionProperties) = preSolution
		HideSolutionNode = FALSE
	EndGlobalSection
	GlobalSection(ExtensibilityGlobals) = postSolution
		SolutionGuid = {B4C83FBE-96F2-49A8-9FF7-87BD0067BC79}
	EndGlobalSection
EndGlobal
